
Microsoft Visual Studio Solution File, Format Version 12.00
# Visual Studio Version 16
VisualStudioVersion = 16.0.30804.86
MinimumVisualStudioVersion = 10.0.40219.1
Project("{9A19103F-16F7-4668-BE54-9A1E7A4F7556}") = "SensorDeviceService", "SensorDeviceService\SensorDeviceService.csproj", "{84876569-01A3-4BFD-9C20-FBD9C3197493}"
EndProject
Project("{9A19103F-16F7-4668-BE54-9A1E7A4F7556}") = "SensorDataService", "SensorDataService\SensorDataService.csproj", "{FC4A6D1F-72EC-4963-9D47-95EE32F0597F}"
EndProject
Project("{9A19103F-16F7-4668-BE54-9A1E7A4F7556}") = "SensorAnalyticsService", "SensorAnalyticsService\SensorAnalyticsService.csproj", "{0C64A326-4EA5-446A-B7AB-8A378CF6AFBF}"
EndProject
Project("{9A19103F-16F7-4668-BE54-9A1E7A4F7556}") = "SensorLibrary", "SensorLibrary\SensorLibrary.csproj", "{52B1A14D-5FEF-4611-8C79-576446C35327}"
EndProject
Project("{E53339B2-1760-4266-BCC7-CA923CBCF16C}") = "docker-compose", "docker-compose.dcproj", "{B2F4B3CD-8CA2-47BF-89D4-FFDA5A96D10A}"
EndProject
Project("{9A19103F-16F7-4668-BE54-9A1E7A4F7556}") = "SensorCommandService", "SensorCommandService\SensorCommandService.csproj", "{C9556806-D70A-4C4A-97E5-BC35CF6CFC4C}"
EndProject
Project("{2150E333-8FDC-42A3-9474-1A3956D46DE8}") = "Solution Items", "Solution Items", "{A8A39B60-7CB8-4516-8117-E662A2197123}"
	ProjectSection(SolutionItems) = preProject
		.editorconfig = .editorconfig
	EndProjectSection
EndProject
Project("{FAE04EC0-301F-11D3-BF4B-00C04F79EFBC}") = "SensorGatewayService", "SensorGatewayService\SensorGatewayService.csproj", "{8407F800-72FF-42DB-9D98-9BB33BD79158}"
EndProject
Global
	GlobalSection(SolutionConfigurationPlatforms) = preSolution
		Debug|Any CPU = Debug|Any CPU
		Release|Any CPU = Release|Any CPU
	EndGlobalSection
	GlobalSection(ProjectConfigurationPlatforms) = postSolution
		{84876569-01A3-4BFD-9C20-FBD9C3197493}.Debug|Any CPU.ActiveCfg = Debug|Any CPU
		{84876569-01A3-4BFD-9C20-FBD9C3197493}.Debug|Any CPU.Build.0 = Debug|Any CPU
		{84876569-01A3-4BFD-9C20-FBD9C3197493}.Release|Any CPU.ActiveCfg = Release|Any CPU
		{84876569-01A3-4BFD-9C20-FBD9C3197493}.Release|Any CPU.Build.0 = Release|Any CPU
		{FC4A6D1F-72EC-4963-9D47-95EE32F0597F}.Debug|Any CPU.ActiveCfg = Debug|Any CPU
		{FC4A6D1F-72EC-4963-9D47-95EE32F0597F}.Debug|Any CPU.Build.0 = Debug|Any CPU
		{FC4A6D1F-72EC-4963-9D47-95EE32F0597F}.Release|Any CPU.ActiveCfg = Release|Any CPU
		{FC4A6D1F-72EC-4963-9D47-95EE32F0597F}.Release|Any CPU.Build.0 = Release|Any CPU
		{0C64A326-4EA5-446A-B7AB-8A378CF6AFBF}.Debug|Any CPU.ActiveCfg = Debug|Any CPU
		{0C64A326-4EA5-446A-B7AB-8A378CF6AFBF}.Debug|Any CPU.Build.0 = Debug|Any CPU
		{0C64A326-4EA5-446A-B7AB-8A378CF6AFBF}.Release|Any CPU.ActiveCfg = Release|Any CPU
		{0C64A326-4EA5-446A-B7AB-8A378CF6AFBF}.Release|Any CPU.Build.0 = Release|Any CPU
		{52B1A14D-5FEF-4611-8C79-576446C35327}.Debug|Any CPU.ActiveCfg = Debug|Any CPU
		{52B1A14D-5FEF-4611-8C79-576446C35327}.Debug|Any CPU.Build.0 = Debug|Any CPU
		{52B1A14D-5FEF-4611-8C79-576446C35327}.Release|Any CPU.ActiveCfg = Release|Any CPU
		{52B1A14D-5FEF-4611-8C79-576446C35327}.Release|Any CPU.Build.0 = Release|Any CPU
		{B2F4B3CD-8CA2-47BF-89D4-FFDA5A96D10A}.Debug|Any CPU.ActiveCfg = Debug|Any CPU
		{B2F4B3CD-8CA2-47BF-89D4-FFDA5A96D10A}.Debug|Any CPU.Build.0 = Debug|Any CPU
		{B2F4B3CD-8CA2-47BF-89D4-FFDA5A96D10A}.Release|Any CPU.ActiveCfg = Release|Any CPU
		{B2F4B3CD-8CA2-47BF-89D4-FFDA5A96D10A}.Release|Any CPU.Build.0 = Release|Any CPU
		{C9556806-D70A-4C4A-97E5-BC35CF6CFC4C}.Debug|Any CPU.ActiveCfg = Debug|Any CPU
		{C9556806-D70A-4C4A-97E5-BC35CF6CFC4C}.Debug|Any CPU.Build.0 = Debug|Any CPU
		{C9556806-D70A-4C4A-97E5-BC35CF6CFC4C}.Release|Any CPU.ActiveCfg = Release|Any CPU
		{C9556806-D70A-4C4A-97E5-BC35CF6CFC4C}.Release|Any CPU.Build.0 = Release|Any CPU
		{8407F800-72FF-42DB-9D98-9BB33BD79158}.Debug|Any CPU.ActiveCfg = Debug|Any CPU
		{8407F800-72FF-42DB-9D98-9BB33BD79158}.Debug|Any CPU.Build.0 = Debug|Any CPU
		{8407F800-72FF-42DB-9D98-9BB33BD79158}.Release|Any CPU.ActiveCfg = Release|Any CPU
		{8407F800-72FF-42DB-9D98-9BB33BD79158}.Release|Any CPU.Build.0 = Release|Any CPU
	EndGlobalSection
	GlobalSection(SolutionProperties) = preSolution
		HideSolutionNode = FALSE
	EndGlobalSection
	GlobalSection(ExtensibilityGlobals) = postSolution
		SolutionGuid = {ADA933AD-49B5-431F-9EEE-8E8C8FAD0858}
	EndGlobalSection
EndGlobal
